
Microsoft Visual Studio Solution File, Format Version 12.00
# Visual Studio 15
VisualStudioVersion = 15.0.27130.2036
MinimumVisualStudioVersion = 10.0.40219.1
Project("{FAE04EC0-301F-11D3-BF4B-00C04F79EFBC}") = "IBM_Model_1", "IBM_Model_1\IBM_Model_1.csproj", "{408CC724-9ED8-40A0-8640-93888A0D4BC9}"
EndProject
Global
	GlobalSection(SolutionConfigurationPlatforms) = preSolution
		Debug|Any CPU = Debug|Any CPU
		Release|Any CPU = Release|Any CPU
	EndGlobalSection
	GlobalSection(ProjectConfigurationPlatforms) = postSolution
		{408CC724-9ED8-40A0-8640-93888A0D4BC9}.Debug|Any CPU.ActiveCfg = Debug|Any CPU
		{408CC724-9ED8-40A0-8640-93888A0D4BC9}.Debug|Any CPU.Build.0 = Debug|Any CPU
		{408CC724-9ED8-40A0-8640-93888A0D4BC9}.Release|Any CPU.ActiveCfg = Release|Any CPU
		{408CC724-9ED8-40A0-8640-93888A0D4BC9}.Release|Any CPU.Build.0 = Release|Any CPU
	EndGlobalSection
	GlobalSection(SolutionProperties) = preSolution
		HideSolutionNode = FALSE
	EndGlobalSection
	GlobalSection(ExtensibilityGlobals) = postSolution
		SolutionGuid = {4EFE8C73-9CBF-44CA-BD01-8001DC502017}
	EndGlobalSection
EndGlobal
